
Microsoft Visual Studio Solution File, Format Version 11.00
# Visual Studio 2010
Project("{8BC9CEB8-8B4A-11D0-8D11-00A0C91BC942}") = "shared", "src\shared\shared.vcxproj", "{2990006E-E4A0-4E9C-8D3D-823F402EC9F2}"
EndProject
Project("{8BC9CEB8-8B4A-11D0-8D11-00A0C91BC942}") = "md2", "src\md2\md2.vcxproj", "{3EDA6D9A-60D3-46F4-8878-121453A96141}"
EndProject
Project("{8BC9CEB8-8B4A-11D0-8D11-00A0C91BC942}") = "texturing", "src\texturing\texturing.vcxproj", "{6E5DCFE6-4110-4CCD-88D0-C17E17F241B6}"
EndProject
Project("{8BC9CEB8-8B4A-11D0-8D11-00A0C91BC942}") = "frustum", "src\frustum\frustum.vcxproj", "{234B890C-3997-4D41-B00B-CE0C83ACF673}"
EndProject
Project("{8BC9CEB8-8B4A-11D0-8D11-00A0C91BC942}") = "shading", "src\shading\shading.vcxproj", "{37C77852-8776-4A1C-90BF-732DC810B66C}"
EndProject
Global
	GlobalSection(SolutionConfigurationPlatforms) = preSolution
		Debug|Win32 = Debug|Win32
		Release|Win32 = Release|Win32
	EndGlobalSection
	GlobalSection(ProjectConfigurationPlatforms) = postSolution
		{2990006E-E4A0-4E9C-8D3D-823F402EC9F2}.Debug|Win32.ActiveCfg = Debug|Win32
		{2990006E-E4A0-4E9C-8D3D-823F402EC9F2}.Debug|Win32.Build.0 = Debug|Win32
		{2990006E-E4A0-4E9C-8D3D-823F402EC9F2}.Release|Win32.ActiveCfg = Release|Win32
		{2990006E-E4A0-4E9C-8D3D-823F402EC9F2}.Release|Win32.Build.0 = Release|Win32
		{3EDA6D9A-60D3-46F4-8878-121453A96141}.Debug|Win32.ActiveCfg = Debug|Win32
		{3EDA6D9A-60D3-46F4-8878-121453A96141}.Debug|Win32.Build.0 = Debug|Win32
		{3EDA6D9A-60D3-46F4-8878-121453A96141}.Release|Win32.ActiveCfg = Release|Win32
		{3EDA6D9A-60D3-46F4-8878-121453A96141}.Release|Win32.Build.0 = Release|Win32
		{6E5DCFE6-4110-4CCD-88D0-C17E17F241B6}.Debug|Win32.ActiveCfg = Debug|Win32
		{6E5DCFE6-4110-4CCD-88D0-C17E17F241B6}.Debug|Win32.Build.0 = Debug|Win32
		{6E5DCFE6-4110-4CCD-88D0-C17E17F241B6}.Release|Win32.ActiveCfg = Release|Win32
		{6E5DCFE6-4110-4CCD-88D0-C17E17F241B6}.Release|Win32.Build.0 = Release|Win32
		{234B890C-3997-4D41-B00B-CE0C83ACF673}.Debug|Win32.ActiveCfg = Debug|Win32
		{234B890C-3997-4D41-B00B-CE0C83ACF673}.Debug|Win32.Build.0 = Debug|Win32
		{234B890C-3997-4D41-B00B-CE0C83ACF673}.Release|Win32.ActiveCfg = Release|Win32
		{234B890C-3997-4D41-B00B-CE0C83ACF673}.Release|Win32.Build.0 = Release|Win32
		{37C77852-8776-4A1C-90BF-732DC810B66C}.Debug|Win32.ActiveCfg = Debug|Win32
		{37C77852-8776-4A1C-90BF-732DC810B66C}.Debug|Win32.Build.0 = Debug|Win32
		{37C77852-8776-4A1C-90BF-732DC810B66C}.Release|Win32.ActiveCfg = Release|Win32
		{37C77852-8776-4A1C-90BF-732DC810B66C}.Release|Win32.Build.0 = Release|Win32
	EndGlobalSection
	GlobalSection(SolutionProperties) = preSolution
		HideSolutionNode = FALSE
	EndGlobalSection
EndGlobal
